// !$*UTF8*$!
{
	archiveVersion = 1;
	classes = {
	};
	objectVersion = 46;
	objects = {

/* Begin PBXBuildFile section */
		259DDBD41A05D63A00E4C9E0 /* ECHOPedometerVC.m in Sources */ = {isa = PBXBuildFile; fileRef = 259DDBD31A05D63A00E4C9E0 /* ECHOPedometerVC.m */; };
		259DDBDA1A05D74D00E4C9E0 /* SVProgressHUD.bundle in Resources */ = {isa = PBXBuildFile; fileRef = 259DDBD71A05D74D00E4C9E0 /* SVProgressHUD.bundle */; };
		259DDBDB1A05D74D00E4C9E0 /* SVProgressHUD.m in Sources */ = {isa = PBXBuildFile; fileRef = 259DDBD91A05D74D00E4C9E0 /* SVProgressHUD.m */; };
		259DDBE11A05DBDD00E4C9E0 /* HealthKit.framework in Frameworks */ = {isa = PBXBuildFile; fileRef = 259DDBE01A05DBDD00E4C9E0 /* HealthKit.framework */; };
		259DDBE51A06C2EF00E4C9E0 /* CommonButton.m in Sources */ = {isa = PBXBuildFile; fileRef = 259DDBE41A06C2EF00E4C9E0 /* CommonButton.m */; };
		259DDBE61A06C42200E4C9E0 /* Foundation.framework in Frameworks */ = {isa = PBXBuildFile; fileRef = 259DDBDE1A05DBCD00E4C9E0 /* Foundation.framework */; };
		259DDBE81A06C42800E4C9E0 /* UIKit.framework in Frameworks */ = {isa = PBXBuildFile; fileRef = 259DDBE71A06C42800E4C9E0 /* UIKit.framework */; };
		259DDBEA1A06C46D00E4C9E0 /* CoreMotion.framework in Frameworks */ = {isa = PBXBuildFile; fileRef = 259DDBE91A06C46D00E4C9E0 /* CoreMotion.framework */; };
		259DDC021A06D2FD00E4C9E0 /* AAPLActivityDataManager.m in Sources */ = {isa = PBXBuildFile; fileRef = 259DDBFF1A06D2FD00E4C9E0 /* AAPLActivityDataManager.m */; };
		259DDC031A06D2FD00E4C9E0 /* AAPLMotionActivityQuery.m in Sources */ = {isa = PBXBuildFile; fileRef = 259DDC011A06D2FD00E4C9E0 /* AAPLMotionActivityQuery.m */; };
		25E255C51A05CDB700A0D633 /* main.m in Sources */ = {isa = PBXBuildFile; fileRef = 25E255C41A05CDB700A0D633 /* main.m */; };
		25E255C81A05CDB700A0D633 /* AppDelegate.m in Sources */ = {isa = PBXBuildFile; fileRef = 25E255C71A05CDB700A0D633 /* AppDelegate.m */; };
		25E255CB1A05CDB700A0D633 /* FirstViewController.m in Sources */ = {isa = PBXBuildFile; fileRef = 25E255CA1A05CDB700A0D633 /* FirstViewController.m */; };
		25E255CE1A05CDB700A0D633 /* SecondViewController.m in Sources */ = {isa = PBXBuildFile; fileRef = 25E255CD1A05CDB700A0D633 /* SecondViewController.m */; };
		25E255D11A05CDB700A0D633 /* Main.storyboard in Resources */ = {isa = PBXBuildFile; fileRef = 25E255CF1A05CDB700A0D633 /* Main.storyboard */; };
		25E255D31A05CDB700A0D633 /* Images.xcassets in Resources */ = {isa = PBXBuildFile; fileRef = 25E255D21A05CDB700A0D633 /* Images.xcassets */; };
		25E255D61A05CDB700A0D633 /* LaunchScreen.xib in Resources */ = {isa = PBXBuildFile; fileRef = 25E255D41A05CDB700A0D633 /* LaunchScreen.xib */; };
		25E255E21A05CDB800A0D633 /* EchoHealthTests.m in Sources */ = {isa = PBXBuildFile; fileRef = 25E255E11A05CDB800A0D633 /* EchoHealthTests.m */; };
		25E39AC31A06D6880070213D /* ECHOHistoryTVC.m in Sources */ = {isa = PBXBuildFile; fileRef = 25E39AC21A06D6880070213D /* ECHOHistoryTVC.m */; };
		25E39AC61A06D8C00070213D /* ECHOHistoryDetailTVC.m in Sources */ = {isa = PBXBuildFile; fileRef = 25E39AC51A06D8C00070213D /* ECHOHistoryDetailTVC.m */; };
/* End PBXBuildFile section */

/* Begin PBXContainerItemProxy section */
		25E255DC1A05CDB800A0D633 /* PBXContainerItemProxy */ = {
			isa = PBXContainerItemProxy;
			containerPortal = 25E255B71A05CDB700A0D633 /* Project object */;
			proxyType = 1;
			remoteGlobalIDString = 25E255BE1A05CDB700A0D633;
			remoteInfo = EchoHealth;
		};
/* End PBXContainerItemProxy section */

/* Begin PBXFileReference section */
		259DDBD21A05D63A00E4C9E0 /* ECHOPedometerVC.h */ = {isa = PBXFileReference; fileEncoding = 4; lastKnownFileType = sourcecode.c.h; name = ECHOPedometerVC.h; path = Views/ECHOPedometerVC.h; sourceTree = "<group>"; };
		259DDBD31A05D63A00E4C9E0 /* ECHOPedometerVC.m */ = {isa = PBXFileReference; fileEncoding = 4; lastKnownFileType = sourcecode.c.objc; name = ECHOPedometerVC.m; path = Views/ECHOPedometerVC.m; sourceTree = "<group>"; };
		259DDBD71A05D74D00E4C9E0 /* SVProgressHUD.bundle */ = {isa = PBXFileReference; lastKnownFileType = "wrapper.plug-in"; path = SVProgressHUD.bundle; sourceTree = "<group>"; };
		259DDBD81A05D74D00E4C9E0 /* SVProgressHUD.h */ = {isa = PBXFileReference; fileEncoding = 4; lastKnownFileType = sourcecode.c.h; path = SVProgressHUD.h; sourceTree = "<group>"; };
		259DDBD91A05D74D00E4C9E0 /* SVProgressHUD.m */ = {isa = PBXFileReference; fileEncoding = 4; lastKnownFileType = sourcecode.c.objc; path = SVProgressHUD.m; sourceTree = "<group>"; };
		259DDBDD1A05DB7500E4C9E0 /* PrefixHeader.pch */ = {isa = PBXFileReference; lastKnownFileType = sourcecode.c.h; path = PrefixHeader.pch; sourceTree = "<group>"; };
		259DDBDE1A05DBCD00E4C9E0 /* Foundation.framework */ = {isa = PBXFileReference; lastKnownFileType = wrapper.framework; name = Foundation.framework; path = System/Library/Frameworks/Foundation.framework; sourceTree = SDKROOT; };
		259DDBE01A05DBDD00E4C9E0 /* HealthKit.framework */ = {isa = PBXFileReference; lastKnownFileType = wrapper.framework; name = HealthKit.framework; path = System/Library/Frameworks/HealthKit.framework; sourceTree = SDKROOT; };
		259DDBE31A06C2EF00E4C9E0 /* CommonButton.h */ = {isa = PBXFileReference; fileEncoding = 4; lastKnownFileType = sourcecode.c.h; path = CommonButton.h; sourceTree = "<group>"; };
		259DDBE41A06C2EF00E4C9E0 /* CommonButton.m */ = {isa = PBXFileReference; fileEncoding = 4; lastKnownFileType = sourcecode.c.objc; path = CommonButton.m; sourceTree = "<group>"; };
		259DDBE71A06C42800E4C9E0 /* UIKit.framework */ = {isa = PBXFileReference; lastKnownFileType = wrapper.framework; name = UIKit.framework; path = System/Library/Frameworks/UIKit.framework; sourceTree = SDKROOT; };
		259DDBE91A06C46D00E4C9E0 /* CoreMotion.framework */ = {isa = PBXFileReference; lastKnownFileType = wrapper.framework; name = CoreMotion.framework; path = System/Library/Frameworks/CoreMotion.framework; sourceTree = SDKROOT; };
		259DDBFE1A06D2FD00E4C9E0 /* AAPLActivityDataManager.h */ = {isa = PBXFileReference; fileEncoding = 4; lastKnownFileType = sourcecode.c.h; name = AAPLActivityDataManager.h; path = AAPLMotion/AAPLActivityDataManager.h; sourceTree = "<group>"; };
		259DDBFF1A06D2FD00E4C9E0 /* AAPLActivityDataManager.m */ = {isa = PBXFileReference; fileEncoding = 4; lastKnownFileType = sourcecode.c.objc; name = AAPLActivityDataManager.m; path = AAPLMotion/AAPLActivityDataManager.m; sourceTree = "<group>"; };
		259DDC001A06D2FD00E4C9E0 /* AAPLMotionActivityQuery.h */ = {isa = PBXFileReference; fileEncoding = 4; lastKnownFileType = sourcecode.c.h; name = AAPLMotionActivityQuery.h; path = AAPLMotion/AAPLMotionActivityQuery.h; sourceTree = "<group>"; };
		259DDC011A06D2FD00E4C9E0 /* AAPLMotionActivityQuery.m */ = {isa = PBXFileReference; fileEncoding = 4; lastKnownFileType = sourcecode.c.objc; name = AAPLMotionActivityQuery.m; path = AAPLMotion/AAPLMotionActivityQuery.m; sourceTree = "<group>"; };
		25E255BF1A05CDB700A0D633 /* EchoHealth.app */ = {isa = PBXFileReference; explicitFileType = wrapper.application; includeInIndex = 0; path = EchoHealth.app; sourceTree = BUILT_PRODUCTS_DIR; };
		25E255C31A05CDB700A0D633 /* Info.plist */ = {isa = PBXFileReference; lastKnownFileType = text.plist.xml; path = Info.plist; sourceTree = "<group>"; };
		25E255C41A05CDB700A0D633 /* main.m */ = {isa = PBXFileReference; lastKnownFileType = sourcecode.c.objc; path = main.m; sourceTree = "<group>"; };
		25E255C61A05CDB700A0D633 /* AppDelegate.h */ = {isa = PBXFileReference; lastKnownFileType = sourcecode.c.h; path = AppDelegate.h; sourceTree = "<group>"; };
		25E255C71A05CDB700A0D633 /* AppDelegate.m */ = {isa = PBXFileReference; lastKnownFileType = sourcecode.c.objc; path = AppDelegate.m; sourceTree = "<group>"; };
		25E255C91A05CDB700A0D633 /* FirstViewController.h */ = {isa = PBXFileReference; lastKnownFileType = sourcecode.c.h; path = FirstViewController.h; sourceTree = "<group>"; };
		25E255CA1A05CDB700A0D633 /* FirstViewController.m */ = {isa = PBXFileReference; lastKnownFileType = sourcecode.c.objc; path = FirstViewController.m; sourceTree = "<group>"; };
		25E255CC1A05CDB700A0D633 /* SecondViewController.h */ = {isa = PBXFileReference; lastKnownFileType = sourcecode.c.h; path = SecondViewController.h; sourceTree = "<group>"; };
		25E255CD1A05CDB700A0D633 /* SecondViewController.m */ = {isa = PBXFileReference; lastKnownFileType = sourcecode.c.objc; path = SecondViewController.m; sourceTree = "<group>"; };
		25E255D01A05CDB700A0D633 /* Base */ = {isa = PBXFileReference; lastKnownFileType = file.storyboard; name = Base; path = Base.lproj/Main.storyboard; sourceTree = "<group>"; };
		25E255D21A05CDB700A0D633 /* Images.xcassets */ = {isa = PBXFileReference; lastKnownFileType = folder.assetcatalog; path = Images.xcassets; sourceTree = "<group>"; };
		25E255D51A05CDB700A0D633 /* Base */ = {isa = PBXFileReference; lastKnownFileType = file.xib; name = Base; path = Base.lproj/LaunchScreen.xib; sourceTree = "<group>"; };
		25E255DB1A05CDB800A0D633 /* EchoHealthTests.xctest */ = {isa = PBXFileReference; explicitFileType = wrapper.cfbundle; includeInIndex = 0; path = EchoHealthTests.xctest; sourceTree = BUILT_PRODUCTS_DIR; };
		25E255E01A05CDB800A0D633 /* Info.plist */ = {isa = PBXFileReference; lastKnownFileType = text.plist.xml; path = Info.plist; sourceTree = "<group>"; };
		25E255E11A05CDB800A0D633 /* EchoHealthTests.m */ = {isa = PBXFileReference; lastKnownFileType = sourcecode.c.objc; path = EchoHealthTests.m; sourceTree = "<group>"; };
		25E39AC11A06D6870070213D /* ECHOHistoryTVC.h */ = {isa = PBXFileReference; fileEncoding = 4; lastKnownFileType = sourcecode.c.h; path = ECHOHistoryTVC.h; sourceTree = "<group>"; };
		25E39AC21A06D6880070213D /* ECHOHistoryTVC.m */ = {isa = PBXFileReference; fileEncoding = 4; lastKnownFileType = sourcecode.c.objc; path = ECHOHistoryTVC.m; sourceTree = "<group>"; };
		25E39AC41A06D8C00070213D /* ECHOHistoryDetailTVC.h */ = {isa = PBXFileReference; fileEncoding = 4; lastKnownFileType = sourcecode.c.h; path = ECHOHistoryDetailTVC.h; sourceTree = "<group>"; };
		25E39AC51A06D8C00070213D /* ECHOHistoryDetailTVC.m */ = {isa = PBXFileReference; fileEncoding = 4; lastKnownFileType = sourcecode.c.objc; path = ECHOHistoryDetailTVC.m; sourceTree = "<group>"; };
/* End PBXFileReference section */

/* Begin PBXFrameworksBuildPhase section */
		25E255BC1A05CDB700A0D633 /* Frameworks */ = {
			isa = PBXFrameworksBuildPhase;
			buildActionMask = 2147483647;
			files = (
				259DDBEA1A06C46D00E4C9E0 /* CoreMotion.framework in Frameworks */,
				259DDBE81A06C42800E4C9E0 /* UIKit.framework in Frameworks */,
				259DDBE61A06C42200E4C9E0 /* Foundation.framework in Frameworks */,
				259DDBE11A05DBDD00E4C9E0 /* HealthKit.framework in Frameworks */,
			);
			runOnlyForDeploymentPostprocessing = 0;
		};
		25E255D81A05CDB800A0D633 /* Frameworks */ = {
			isa = PBXFrameworksBuildPhase;
			buildActionMask = 2147483647;
			files = (
			);
			runOnlyForDeploymentPostprocessing = 0;
		};
/* End PBXFrameworksBuildPhase section */

/* Begin PBXGroup section */
		259DDBD11A05D46500E4C9E0 /* Views */ = {
			isa = PBXGroup;
			children = (
				259DDBD21A05D63A00E4C9E0 /* ECHOPedometerVC.h */,
				259DDBD31A05D63A00E4C9E0 /* ECHOPedometerVC.m */,
			);
			name = Views;
			sourceTree = "<group>";
		};
		259DDBD51A05D73800E4C9E0 /* libs */ = {
			isa = PBXGroup;
			children = (
				259DDBF11A06D28200E4C9E0 /* AAPLMotion */,
				259DDBD61A05D74D00E4C9E0 /* SVProgressHUD */,
			);
			name = libs;
			sourceTree = "<group>";
		};
		259DDBD61A05D74D00E4C9E0 /* SVProgressHUD */ = {
			isa = PBXGroup;
			children = (
				259DDBD71A05D74D00E4C9E0 /* SVProgressHUD.bundle */,
				259DDBD81A05D74D00E4C9E0 /* SVProgressHUD.h */,
				259DDBD91A05D74D00E4C9E0 /* SVProgressHUD.m */,
			);
			path = SVProgressHUD;
			sourceTree = "<group>";
		};
		259DDBE21A06C2B000E4C9E0 /* Common */ = {
			isa = PBXGroup;
			children = (
				259DDBE31A06C2EF00E4C9E0 /* CommonButton.h */,
				259DDBE41A06C2EF00E4C9E0 /* CommonButton.m */,
			);
			name = Common;
			sourceTree = "<group>";
		};
		259DDBF11A06D28200E4C9E0 /* AAPLMotion */ = {
			isa = PBXGroup;
			children = (
				259DDBFE1A06D2FD00E4C9E0 /* AAPLActivityDataManager.h */,
				259DDBFF1A06D2FD00E4C9E0 /* AAPLActivityDataManager.m */,
				259DDC001A06D2FD00E4C9E0 /* AAPLMotionActivityQuery.h */,
				259DDC011A06D2FD00E4C9E0 /* AAPLMotionActivityQuery.m */,
			);
			name = AAPLMotion;
			sourceTree = "<group>";
		};
		25E255B61A05CDB700A0D633 = {
			isa = PBXGroup;
			children = (
				259DDBE91A06C46D00E4C9E0 /* CoreMotion.framework */,
				259DDBE71A06C42800E4C9E0 /* UIKit.framework */,
				259DDBE01A05DBDD00E4C9E0 /* HealthKit.framework */,
				259DDBDE1A05DBCD00E4C9E0 /* Foundation.framework */,
				259DDBD51A05D73800E4C9E0 /* libs */,
				25E255C11A05CDB700A0D633 /* EchoHealth */,
				25E255DE1A05CDB800A0D633 /* EchoHealthTests */,
				25E255C01A05CDB700A0D633 /* Products */,
			);
			sourceTree = "<group>";
		};
		25E255C01A05CDB700A0D633 /* Products */ = {
			isa = PBXGroup;
			children = (
				25E255BF1A05CDB700A0D633 /* EchoHealth.app */,
				25E255DB1A05CDB800A0D633 /* EchoHealthTests.xctest */,
			);
			name = Products;
			sourceTree = "<group>";
		};
		25E255C11A05CDB700A0D633 /* EchoHealth */ = {
			isa = PBXGroup;
			children = (
				259DDBE21A06C2B000E4C9E0 /* Common */,
				259DDBD11A05D46500E4C9E0 /* Views */,
				25E255C61A05CDB700A0D633 /* AppDelegate.h */,
				25E255C71A05CDB700A0D633 /* AppDelegate.m */,
				25E255C91A05CDB700A0D633 /* FirstViewController.h */,
				25E255CA1A05CDB700A0D633 /* FirstViewController.m */,
				25E255CC1A05CDB700A0D633 /* SecondViewController.h */,
				25E255CD1A05CDB700A0D633 /* SecondViewController.m */,
				25E255CF1A05CDB700A0D633 /* Main.storyboard */,
				25E255D21A05CDB700A0D633 /* Images.xcassets */,
				25E255D41A05CDB700A0D633 /* LaunchScreen.xib */,
				25E255C21A05CDB700A0D633 /* Supporting Files */,
				25E39AC11A06D6870070213D /* ECHOHistoryTVC.h */,
				25E39AC21A06D6880070213D /* ECHOHistoryTVC.m */,
				25E39AC41A06D8C00070213D /* ECHOHistoryDetailTVC.h */,
				25E39AC51A06D8C00070213D /* ECHOHistoryDetailTVC.m */,
			);
			path = EchoHealth;
			sourceTree = "<group>";
		};
		25E255C21A05CDB700A0D633 /* Supporting Files */ = {
			isa = PBXGroup;
			children = (
				25E255C31A05CDB700A0D633 /* Info.plist */,
				25E255C41A05CDB700A0D633 /* main.m */,
				259DDBDD1A05DB7500E4C9E0 /* PrefixHeader.pch */,
			);
			name = "Supporting Files";
			sourceTree = "<group>";
		};
		25E255DE1A05CDB800A0D633 /* EchoHealthTests */ = {
			isa = PBXGroup;
			children = (
				25E255E11A05CDB800A0D633 /* EchoHealthTests.m */,
				25E255DF1A05CDB800A0D633 /* Supporting Files */,
			);
			path = EchoHealthTests;
			sourceTree = "<group>";
		};
		25E255DF1A05CDB800A0D633 /* Supporting Files */ = {
			isa = PBXGroup;
			children = (
				25E255E01A05CDB800A0D633 /* Info.plist */,
			);
			name = "Supporting Files";
			sourceTree = "<group>";
		};
/* End PBXGroup section */

/* Begin PBXNativeTarget section */
		25E255BE1A05CDB700A0D633 /* EchoHealth */ = {
			isa = PBXNativeTarget;
			buildConfigurationList = 25E255E51A05CDB800A0D633 /* Build configuration list for PBXNativeTarget "EchoHealth" */;
			buildPhases = (
				25E255BB1A05CDB700A0D633 /* Sources */,
				25E255BC1A05CDB700A0D633 /* Frameworks */,
				25E255BD1A05CDB700A0D633 /* Resources */,
			);
			buildRules = (
			);
			dependencies = (
			);
			name = EchoHealth;
			productName = EchoHealth;
			productReference = 25E255BF1A05CDB700A0D633 /* EchoHealth.app */;
			productType = "com.apple.product-type.application";
		};
		25E255DA1A05CDB800A0D633 /* EchoHealthTests */ = {
			isa = PBXNativeTarget;
			buildConfigurationList = 25E255E81A05CDB800A0D633 /* Build configuration list for PBXNativeTarget "EchoHealthTests" */;
			buildPhases = (
				25E255D71A05CDB800A0D633 /* Sources */,
				25E255D81A05CDB800A0D633 /* Frameworks */,
				25E255D91A05CDB800A0D633 /* Resources */,
			);
			buildRules = (
			);
			dependencies = (
				25E255DD1A05CDB800A0D633 /* PBXTargetDependency */,
			);
			name = EchoHealthTests;
			productName = EchoHealthTests;
			productReference = 25E255DB1A05CDB800A0D633 /* EchoHealthTests.xctest */;
			productType = "com.apple.product-type.bundle.unit-test";
		};
/* End PBXNativeTarget section */

/* Begin PBXProject section */
		25E255B71A05CDB700A0D633 /* Project object */ = {
			isa = PBXProject;
			attributes = {
				LastUpgradeCheck = 0610;
				ORGANIZATIONNAME = "Blake Crosley";
				TargetAttributes = {
					25E255BE1A05CDB700A0D633 = {
						CreatedOnToolsVersion = 6.1;
					};
					25E255DA1A05CDB800A0D633 = {
						CreatedOnToolsVersion = 6.1;
						TestTargetID = 25E255BE1A05CDB700A0D633;
					};
				};
			};
			buildConfigurationList = 25E255BA1A05CDB700A0D633 /* Build configuration list for PBXProject "EchoHealth" */;
			compatibilityVersion = "Xcode 3.2";
			developmentRegion = English;
			hasScannedForEncodings = 0;
			knownRegions = (
				en,
				Base,
			);
			mainGroup = 25E255B61A05CDB700A0D633;
			productRefGroup = 25E255C01A05CDB700A0D633 /* Products */;
			projectDirPath = "";
			projectRoot = "";
			targets = (
				25E255BE1A05CDB700A0D633 /* EchoHealth */,
				25E255DA1A05CDB800A0D633 /* EchoHealthTests */,
			);
		};
/* End PBXProject section */

/* Begin PBXResourcesBuildPhase section */
		25E255BD1A05CDB700A0D633 /* Resources */ = {
			isa = PBXResourcesBuildPhase;
			buildActionMask = 2147483647;
			files = (
				25E255D11A05CDB700A0D633 /* Main.storyboard in Resources */,
				25E255D61A05CDB700A0D633 /* LaunchScreen.xib in Resources */,
				25E255D31A05CDB700A0D633 /* Images.xcassets in Resources */,
				259DDBDA1A05D74D00E4C9E0 /* SVProgressHUD.bundle in Resources */,
			);
			runOnlyForDeploymentPostprocessing = 0;
		};
		25E255D91A05CDB800A0D633 /* Resources */ = {
			isa = PBXResourcesBuildPhase;
			buildActionMask = 2147483647;
			files = (
			);
			runOnlyForDeploymentPostprocessing = 0;
		};
/* End PBXResourcesBuildPhase section */

/* Begin PBXSourcesBuildPhase section */
		25E255BB1A05CDB700A0D633 /* Sources */ = {
			isa = PBXSourcesBuildPhase;
			buildActionMask = 2147483647;
			files = (
				25E255CE1A05CDB700A0D633 /* SecondViewController.m in Sources */,
				259DDBD41A05D63A00E4C9E0 /* ECHOPedometerVC.m in Sources */,
				25E39AC61A06D8C00070213D /* ECHOHistoryDetailTVC.m in Sources */,
				259DDC031A06D2FD00E4C9E0 /* AAPLMotionActivityQuery.m in Sources */,
				25E255C81A05CDB700A0D633 /* AppDelegate.m in Sources */,
				25E255CB1A05CDB700A0D633 /* FirstViewController.m in Sources */,
				25E39AC31A06D6880070213D /* ECHOHistoryTVC.m in Sources */,
				259DDC021A06D2FD00E4C9E0 /* AAPLActivityDataManager.m in Sources */,
				25E255C51A05CDB700A0D633 /* main.m in Sources */,
				259DDBDB1A05D74D00E4C9E0 /* SVProgressHUD.m in Sources */,
				259DDBE51A06C2EF00E4C9E0 /* CommonButton.m in Sources */,
			);
			runOnlyForDeploymentPostprocessing = 0;
		};
		25E255D71A05CDB800A0D633 /* Sources */ = {
			isa = PBXSourcesBuildPhase;
			buildActionMask = 2147483647;
			files = (
				25E255E21A05CDB800A0D633 /* EchoHealthTests.m in Sources */,
			);
			runOnlyForDeploymentPostprocessing = 0;
		};
/* End PBXSourcesBuildPhase section */

/* Begin PBXTargetDependency section */
		25E255DD1A05CDB800A0D633 /* PBXTargetDependency */ = {
			isa = PBXTargetDependency;
			target = 25E255BE1A05CDB700A0D633 /* EchoHealth */;
			targetProxy = 25E255DC1A05CDB800A0D633 /* PBXContainerItemProxy */;
		};
/* End PBXTargetDependency section */

/* Begin PBXVariantGroup section */
		25E255CF1A05CDB700A0D633 /* Main.storyboard */ = {
			isa = PBXVariantGroup;
			children = (
				25E255D01A05CDB700A0D633 /* Base */,
			);
			name = Main.storyboard;
			sourceTree = "<group>";
		};
		25E255D41A05CDB700A0D633 /* LaunchScreen.xib */ = {
			isa = PBXVariantGroup;
			children = (
				25E255D51A05CDB700A0D633 /* Base */,
			);
			name = LaunchScreen.xib;
			sourceTree = "<group>";
		};
/* End PBXVariantGroup section */

/* Begin XCBuildConfiguration section */
		25E255E31A05CDB800A0D633 /* Debug */ = {
			isa = XCBuildConfiguration;
			buildSettings = {
				ALWAYS_SEARCH_USER_PATHS = NO;
				CLANG_CXX_LANGUAGE_STANDARD = "gnu++0x";
				CLANG_CXX_LIBRARY = "libc++";
				CLANG_ENABLE_MODULES = YES;
				CLANG_ENABLE_OBJC_ARC = YES;
				CLANG_WARN_BOOL_CONVERSION = YES;
				CLANG_WARN_CONSTANT_CONVERSION = YES;
				CLANG_WARN_DIRECT_OBJC_ISA_USAGE = YES_ERROR;
				CLANG_WARN_EMPTY_BODY = YES;
				CLANG_WARN_ENUM_CONVERSION = YES;
				CLANG_WARN_INT_CONVERSION = YES;
				CLANG_WARN_OBJC_ROOT_CLASS = YES_ERROR;
				CLANG_WARN_UNREACHABLE_CODE = YES;
				CLANG_WARN__DUPLICATE_METHOD_MATCH = YES;
				"CODE_SIGN_IDENTITY[sdk=iphoneos*]" = "iPhone Developer";
				COPY_PHASE_STRIP = NO;
				ENABLE_STRICT_OBJC_MSGSEND = YES;
				GCC_C_LANGUAGE_STANDARD = gnu99;
				GCC_DYNAMIC_NO_PIC = NO;
				GCC_OPTIMIZATION_LEVEL = 0;
				GCC_PREPROCESSOR_DEFINITIONS = (
					"DEBUG=1",
					"$(inherited)",
				);
				GCC_SYMBOLS_PRIVATE_EXTERN = NO;
				GCC_WARN_64_TO_32_BIT_CONVERSION = YES;
				GCC_WARN_ABOUT_RETURN_TYPE = YES_ERROR;
				GCC_WARN_UNDECLARED_SELECTOR = YES;
				GCC_WARN_UNINITIALIZED_AUTOS = YES_AGGRESSIVE;
				GCC_WARN_UNUSED_FUNCTION = YES;
				GCC_WARN_UNUSED_VARIABLE = YES;
				IPHONEOS_DEPLOYMENT_TARGET = 8.1;
				MTL_ENABLE_DEBUG_INFO = YES;
				ONLY_ACTIVE_ARCH = YES;
				SDKROOT = iphoneos;
				TARGETED_DEVICE_FAMILY = "1,2";
			};
			name = Debug;
		};
		25E255E41A05CDB800A0D633 /* Release */ = {
			isa = XCBuildConfiguration;
			buildSettings = {
				ALWAYS_SEARCH_USER_PATHS = NO;
				CLANG_CXX_LANGUAGE_STANDARD = "gnu++0x";
				CLANG_CXX_LIBRARY = "libc++";
				CLANG_ENABLE_MODULES = YES;
				CLANG_ENABLE_OBJC_ARC = YES;
				CLANG_WARN_BOOL_CONVERSION = YES;
				CLANG_WARN_CONSTANT_CONVERSION = YES;
				CLANG_WARN_DIRECT_OBJC_ISA_USAGE = YES_ERROR;
				CLANG_WARN_EMPTY_BODY = YES;
				CLANG_WARN_ENUM_CONVERSION = YES;
				CLANG_WARN_INT_CONVERSION = YES;
				CLANG_WARN_OBJC_ROOT_CLASS = YES_ERROR;
				CLANG_WARN_UNREACHABLE_CODE = YES;
				CLANG_WARN__DUPLICATE_METHOD_MATCH = YES;
				"CODE_SIGN_IDENTITY[sdk=iphoneos*]" = "iPhone Developer";
				COPY_PHASE_STRIP = YES;
				ENABLE_NS_ASSERTIONS = NO;
				ENABLE_STRICT_OBJC_MSGSEND = YES;
				GCC_C_LANGUAGE_STANDARD = gnu99;
				GCC_WARN_64_TO_32_BIT_CONVERSION = YES;
				GCC_WARN_ABOUT_RETURN_TYPE = YES_ERROR;
				GCC_WARN_UNDECLARED_SELECTOR = YES;
				GCC_WARN_UNINITIALIZED_AUTOS = YES_AGGRESSIVE;
				GCC_WARN_UNUSED_FUNCTION = YES;
				GCC_WARN_UNUSED_VARIABLE = YES;
				IPHONEOS_DEPLOYMENT_TARGET = 8.1;
				MTL_ENABLE_DEBUG_INFO = NO;
				SDKROOT = iphoneos;
				TARGETED_DEVICE_FAMILY = "1,2";
				VALIDATE_PRODUCT = YES;
			};
			name = Release;
		};
		25E255E61A05CDB800A0D633 /* Debug */ = {
			isa = XCBuildConfiguration;
			buildSettings = {
				ASSETCATALOG_COMPILER_APPICON_NAME = AppIcon;
				GCC_PREFIX_HEADER = EchoHealth/PrefixHeader.pch;
				INFOPLIST_FILE = EchoHealth/Info.plist;
				LD_RUNPATH_SEARCH_PATHS = "$(inherited) @executable_path/Frameworks";
				PRODUCT_NAME = "$(TARGET_NAME)";
			};
			name = Debug;
		};
		25E255E71A05CDB800A0D633 /* Release */ = {
			isa = XCBuildConfiguration;
			buildSettings = {
				ASSETCATALOG_COMPILER_APPICON_NAME = AppIcon;
				GCC_PREFIX_HEADER = EchoHealth/PrefixHeader.pch;
				INFOPLIST_FILE = EchoHealth/Info.plist;
				LD_RUNPATH_SEARCH_PATHS = "$(inherited) @executable_path/Frameworks";
				PRODUCT_NAME = "$(TARGET_NAME)";
			};
			name = Release;
		};
		25E255E91A05CDB800A0D633 /* Debug */ = {
			isa = XCBuildConfiguration;
			buildSettings = {
				BUNDLE_LOADER = "$(TEST_HOST)";
				FRAMEWORK_SEARCH_PATHS = (
					"$(SDKROOT)/Developer/Library/Frameworks",
					"$(inherited)",
				);
				GCC_PREPROCESSOR_DEFINITIONS = (
					"DEBUG=1",
					"$(inherited)",
				);
				INFOPLIST_FILE = EchoHealthTests/Info.plist;
				LD_RUNPATH_SEARCH_PATHS = "$(inherited) @executable_path/Frameworks @loader_path/Frameworks";
				PRODUCT_NAME = "$(TARGET_NAME)";
				TEST_HOST = "$(BUILT_PRODUCTS_DIR)/EchoHealth.app/EchoHealth";
			};
			name = Debug;
		};
		25E255EA1A05CDB800A0D633 /* Release */ = {
			isa = XCBuildConfiguration;
			buildSettings = {
				BUNDLE_LOADER = "$(TEST_HOST)";
				FRAMEWORK_SEARCH_PATHS = (
					"$(SDKROOT)/Developer/Library/Frameworks",
					"$(inherited)",
				);
				INFOPLIST_FILE = EchoHealthTests/Info.plist;
				LD_RUNPATH_SEARCH_PATHS = "$(inherited) @executable_path/Frameworks @loader_path/Frameworks";
				PRODUCT_NAME = "$(TARGET_NAME)";
				TEST_HOST = "$(BUILT_PRODUCTS_DIR)/EchoHealth.app/EchoHealth";
			};
			name = Release;
		};
/* End XCBuildConfiguration section */

/* Begin XCConfigurationList section */
		25E255BA1A05CDB700A0D633 /* Build configuration list for PBXProject "EchoHealth" */ = {
			isa = XCConfigurationList;
			buildConfigurations = (
				25E255E31A05CDB800A0D633 /* Debug */,
				25E255E41A05CDB800A0D633 /* Release */,
			);
			defaultConfigurationIsVisible = 0;
			defaultConfigurationName = Release;
		};
		25E255E51A05CDB800A0D633 /* Build configuration list for PBXNativeTarget "EchoHealth" */ = {
			isa = XCConfigurationList;
			buildConfigurations = (
				25E255E61A05CDB800A0D633 /* Debug */,
				25E255E71A05CDB800A0D633 /* Release */,
			);
			defaultConfigurationIsVisible = 0;
			defaultConfigurationName = Release;
		};
		25E255E81A05CDB800A0D633 /* Build configuration list for PBXNativeTarget "EchoHealthTests" */ = {
			isa = XCConfigurationList;
			buildConfigurations = (
				25E255E91A05CDB800A0D633 /* Debug */,
				25E255EA1A05CDB800A0D633 /* Release */,
			);
			defaultConfigurationIsVisible = 0;
			defaultConfigurationName = Release;
		};
/* End XCConfigurationList section */
	};
	rootObject = 25E255B71A05CDB700A0D633 /* Project object */;
}
